
Microsoft Visual Studio Solution File, Format Version 12.00
# Visual Studio Version 17
VisualStudioVersion = 17.9.34616.47
MinimumVisualStudioVersion = 10.0.40219.1
Project("{FAE04EC0-301F-11D3-BF4B-00C04F79EFBC}") = "test", "test\test.csproj", "{40F5C40C-9A63-4BB7-949C-4D9C0AC19AFE}"
EndProject
Global
	GlobalSection(SolutionConfigurationPlatforms) = preSolution
		Debug|Any CPU = Debug|Any CPU
		Release|Any CPU = Release|Any CPU
	EndGlobalSection
	GlobalSection(ProjectConfigurationPlatforms) = postSolution
		{40F5C40C-9A63-4BB7-949C-4D9C0AC19AFE}.Debug|Any CPU.ActiveCfg = Debug|Any CPU
		{40F5C40C-9A63-4BB7-949C-4D9C0AC19AFE}.Debug|Any CPU.Build.0 = Debug|Any CPU
		{40F5C40C-9A63-4BB7-949C-4D9C0AC19AFE}.Release|Any CPU.ActiveCfg = Release|Any CPU
		{40F5C40C-9A63-4BB7-949C-4D9C0AC19AFE}.Release|Any CPU.Build.0 = Release|Any CPU
	EndGlobalSection
	GlobalSection(SolutionProperties) = preSolution
		HideSolutionNode = FALSE
	EndGlobalSection
	GlobalSection(ExtensibilityGlobals) = postSolution
		SolutionGuid = {22C97137-D68F-4EE8-8130-36B392AAE07E}
	EndGlobalSection
EndGlobal
